
Microsoft Visual Studio Solution File, Format Version 12.00
# Visual Studio Version 17
VisualStudioVersion = 17.8.34322.80
MinimumVisualStudioVersion = 10.0.40219.1
Project("{FAE04EC0-301F-11D3-BF4B-00C04F79EFBC}") = "Publication.Domain", "Publication.Domain\Publication.Domain.csproj", "{88769461-3003-43EE-831D-FB2A3C3468C3}"
EndProject
Project("{FAE04EC0-301F-11D3-BF4B-00C04F79EFBC}") = "Publication.Infrastructure", "Publication.Infrastructure\Publication.Infrastructure.csproj", "{F9B92836-8C61-40CF-B14C-AF9CA6A3BDE5}"
EndProject
Project("{FAE04EC0-301F-11D3-BF4B-00C04F79EFBC}") = "Publication.Application", "Publication.Application\Publication.Application.csproj", "{D40A81B7-733C-41A6-8AB2-5860DBFF7CB0}"
EndProject
Project("{FAE04EC0-301F-11D3-BF4B-00C04F79EFBC}") = "Publication.API", "Publication.API\Publication.API.csproj", "{A6528E04-2517-49A8-A736-1BEDD5FCBB6D}"
EndProject
Project("{FAE04EC0-301F-11D3-BF4B-00C04F79EFBC}") = "Publication.Web", "Publication.Web\Publication.Web.csproj", "{968DE8F7-281D-4E6E-BAF6-45D947E4F042}"
EndProject
Project("{FAE04EC0-301F-11D3-BF4B-00C04F79EFBC}") = "Publication.IoC", "Publication.IoC\Publication.IoC.csproj", "{977596D1-AE3F-4366-A5F8-75220FB82996}"
EndProject
Project("{2150E333-8FDC-42A3-9474-1A3956D46DE8}") = "Domain", "Domain", "{3FBD091F-8F5C-40BD-8EDD-D626BEEC5879}"
EndProject
Project("{2150E333-8FDC-42A3-9474-1A3956D46DE8}") = "Infrastructure", "Infrastructure", "{C2962147-4687-4DCB-BCE5-65C39FACCD50}"
EndProject
Project("{2150E333-8FDC-42A3-9474-1A3956D46DE8}") = "Application", "Application", "{CBCFB7CB-CA1A-42B9-85BA-5FB7FA2737CE}"
EndProject
Project("{2150E333-8FDC-42A3-9474-1A3956D46DE8}") = "API", "API", "{FD4954BA-9787-43A3-B61C-DCF36BB490D5}"
EndProject
Project("{2150E333-8FDC-42A3-9474-1A3956D46DE8}") = "Web", "Web", "{0E61BC84-0530-448F-8AEF-9EEC8382C52A}"
EndProject
Project("{2150E333-8FDC-42A3-9474-1A3956D46DE8}") = "IoC", "IoC", "{7FF68A41-8CD2-4BDE-96D3-61213E7CCACA}"
EndProject
Global
	GlobalSection(SolutionConfigurationPlatforms) = preSolution
		Debug|Any CPU = Debug|Any CPU
		Release|Any CPU = Release|Any CPU
	EndGlobalSection
	GlobalSection(ProjectConfigurationPlatforms) = postSolution
		{88769461-3003-43EE-831D-FB2A3C3468C3}.Debug|Any CPU.ActiveCfg = Debug|Any CPU
		{88769461-3003-43EE-831D-FB2A3C3468C3}.Debug|Any CPU.Build.0 = Debug|Any CPU
		{88769461-3003-43EE-831D-FB2A3C3468C3}.Release|Any CPU.ActiveCfg = Release|Any CPU
		{88769461-3003-43EE-831D-FB2A3C3468C3}.Release|Any CPU.Build.0 = Release|Any CPU
		{F9B92836-8C61-40CF-B14C-AF9CA6A3BDE5}.Debug|Any CPU.ActiveCfg = Debug|Any CPU
		{F9B92836-8C61-40CF-B14C-AF9CA6A3BDE5}.Debug|Any CPU.Build.0 = Debug|Any CPU
		{F9B92836-8C61-40CF-B14C-AF9CA6A3BDE5}.Release|Any CPU.ActiveCfg = Release|Any CPU
		{F9B92836-8C61-40CF-B14C-AF9CA6A3BDE5}.Release|Any CPU.Build.0 = Release|Any CPU
		{D40A81B7-733C-41A6-8AB2-5860DBFF7CB0}.Debug|Any CPU.ActiveCfg = Debug|Any CPU
		{D40A81B7-733C-41A6-8AB2-5860DBFF7CB0}.Debug|Any CPU.Build.0 = Debug|Any CPU
		{D40A81B7-733C-41A6-8AB2-5860DBFF7CB0}.Release|Any CPU.ActiveCfg = Release|Any CPU
		{D40A81B7-733C-41A6-8AB2-5860DBFF7CB0}.Release|Any CPU.Build.0 = Release|Any CPU
		{A6528E04-2517-49A8-A736-1BEDD5FCBB6D}.Debug|Any CPU.ActiveCfg = Debug|Any CPU
		{A6528E04-2517-49A8-A736-1BEDD5FCBB6D}.Debug|Any CPU.Build.0 = Debug|Any CPU
		{A6528E04-2517-49A8-A736-1BEDD5FCBB6D}.Release|Any CPU.ActiveCfg = Release|Any CPU
		{A6528E04-2517-49A8-A736-1BEDD5FCBB6D}.Release|Any CPU.Build.0 = Release|Any CPU
		{968DE8F7-281D-4E6E-BAF6-45D947E4F042}.Debug|Any CPU.ActiveCfg = Debug|Any CPU
		{968DE8F7-281D-4E6E-BAF6-45D947E4F042}.Debug|Any CPU.Build.0 = Debug|Any CPU
		{968DE8F7-281D-4E6E-BAF6-45D947E4F042}.Release|Any CPU.ActiveCfg = Release|Any CPU
		{968DE8F7-281D-4E6E-BAF6-45D947E4F042}.Release|Any CPU.Build.0 = Release|Any CPU
		{977596D1-AE3F-4366-A5F8-75220FB82996}.Debug|Any CPU.ActiveCfg = Debug|Any CPU
		{977596D1-AE3F-4366-A5F8-75220FB82996}.Debug|Any CPU.Build.0 = Debug|Any CPU
		{977596D1-AE3F-4366-A5F8-75220FB82996}.Release|Any CPU.ActiveCfg = Release|Any CPU
		{977596D1-AE3F-4366-A5F8-75220FB82996}.Release|Any CPU.Build.0 = Release|Any CPU
	EndGlobalSection
	GlobalSection(SolutionProperties) = preSolution
		HideSolutionNode = FALSE
	EndGlobalSection
	GlobalSection(NestedProjects) = preSolution
		{88769461-3003-43EE-831D-FB2A3C3468C3} = {3FBD091F-8F5C-40BD-8EDD-D626BEEC5879}
		{F9B92836-8C61-40CF-B14C-AF9CA6A3BDE5} = {C2962147-4687-4DCB-BCE5-65C39FACCD50}
		{D40A81B7-733C-41A6-8AB2-5860DBFF7CB0} = {CBCFB7CB-CA1A-42B9-85BA-5FB7FA2737CE}
		{A6528E04-2517-49A8-A736-1BEDD5FCBB6D} = {FD4954BA-9787-43A3-B61C-DCF36BB490D5}
		{968DE8F7-281D-4E6E-BAF6-45D947E4F042} = {0E61BC84-0530-448F-8AEF-9EEC8382C52A}
		{977596D1-AE3F-4366-A5F8-75220FB82996} = {7FF68A41-8CD2-4BDE-96D3-61213E7CCACA}
	EndGlobalSection
	GlobalSection(ExtensibilityGlobals) = postSolution
		SolutionGuid = {44DCB9FF-E5E8-415A-90E7-3C8EDAAFC73A}
	EndGlobalSection
EndGlobal
